hash: c1f2d66a33290636d2b48bb5f9a2688f174efd5aee4ee8853d227217e75242e9
updated: 2017-08-27T11:04:58.798564718+09:00
imports:
- name: github.com/andybalholm/cascadia
  version: 349dd0209470eabd9514242c688c403c0926d266
- name: github.com/comail/colog
  version: fba8e7b1f46c3607f09760ce3880066e7ff57c5a
- name: github.com/garyburd/redigo
  version: 433969511232c397de61b1442f9fd49ec06ae9ba
  subpackages:
  - internal
  - redis
- name: github.com/nulab/go-typetalk
  version: 715d35382daf97b359cdbe7a49231cf4bd379683
  subpackages:
  - typetalk
- name: github.com/PuerkitoBio/goquery
  version: e1271ee34c6a305e38566ecd27ae374944907ee9
- name: golang.org/x/net
  version: 57efc9c3d9f91fb3277f8da1cff370539c4d3dc5
  subpackages:
  - html
  - html/atom
testImports: []
